
Microsoft Visual Studio Solution File, Format Version 12.00
# Visual Studio Version 17
VisualStudioVersion = 17.6.33829.357
MinimumVisualStudioVersion = 10.0.40219.1
Project("{FAE04EC0-301F-11D3-BF4B-00C04F79EFBC}") = "BookDemo", "BookDemo\BookDemo.csproj", "{FCFF5BB3-4E31-4505-AAFB-0F182E42D218}"
EndProject
Global
	GlobalSection(SolutionConfigurationPlatforms) = preSolution
		Debug|Any CPU = Debug|Any CPU
		Release|Any CPU = Release|Any CPU
	EndGlobalSection
	GlobalSection(ProjectConfigurationPlatforms) = postSolution
		{FCFF5BB3-4E31-4505-AAFB-0F182E42D218}.Debug|Any CPU.ActiveCfg = Debug|Any CPU
		{FCFF5BB3-4E31-4505-AAFB-0F182E42D218}.Debug|Any CPU.Build.0 = Debug|Any CPU
		{FCFF5BB3-4E31-4505-AAFB-0F182E42D218}.Release|Any CPU.ActiveCfg = Release|Any CPU
		{FCFF5BB3-4E31-4505-AAFB-0F182E42D218}.Release|Any CPU.Build.0 = Release|Any CPU
	EndGlobalSection
	GlobalSection(SolutionProperties) = preSolution
		HideSolutionNode = FALSE
	EndGlobalSection
	GlobalSection(ExtensibilityGlobals) = postSolution
		SolutionGuid = {247C0791-CC6E-4E4D-8F5D-1C8D2C2CC845}
	EndGlobalSection
EndGlobal
